{
  "name": "chinese-culture",
  "lockfileVersion": 3,
  "requires": true,
  "packages": {
    "": {
      "dependencies": {
        "dayjs": "^1.11.13",
        "lunar-typescript": "^1.7.6"
      }
    },
    "node_modules/dayjs": {
      "version": "1.11.13",
      "resolved": "https://registry.npmmirror.com/dayjs/-/dayjs-1.11.13.tgz",
      "integrity": "sha512-oaMBel6gjolK862uaPQOVTA7q3TZhuSvuMQAAglQDOWYO9A91IrAOUJEyKVlqJlHE0vq5p5UXxzdPfMH/x6xNg==",
      "license": "MIT"
    },
    "node_modules/lunar-typescript": {
      "version": "1.7.6",
      "resolved": "https://registry.npmmirror.com/lunar-typescript/-/lunar-typescript-1.7.6.tgz",
      "integrity": "sha512-vrNRgzJ6UgK++P81jaOykV7YBCLemC8l/XDbsXE7MinojXolOKiIHm6sOZg5wdDMbJxCWP1ERAaqcBV9mhw2Bg==",
      "license": "MIT"
    }
  }
}
